
Microsoft Visual Studio Solution File, Format Version 12.00
# Visual Studio Version 17
VisualStudioVersion = 17.8.34525.116
MinimumVisualStudioVersion = 10.0.40219.1
Project("{FAE04EC0-301F-11D3-BF4B-00C04F79EFBC}") = "SP2024-assignment2-rwdougherty", "SP2024-assignment2-rwdougherty\SP2024-assignment2-rwdougherty.csproj", "{4799E6EF-20B6-49E8-8F70-7A8C9AAE14E4}"
EndProject
Global
	GlobalSection(SolutionConfigurationPlatforms) = preSolution
		Debug|Any CPU = Debug|Any CPU
		Release|Any CPU = Release|Any CPU
	EndGlobalSection
	GlobalSection(ProjectConfigurationPlatforms) = postSolution
		{4799E6EF-20B6-49E8-8F70-7A8C9AAE14E4}.Debug|Any CPU.ActiveCfg = Debug|Any CPU
		{4799E6EF-20B6-49E8-8F70-7A8C9AAE14E4}.Debug|Any CPU.Build.0 = Debug|Any CPU
		{4799E6EF-20B6-49E8-8F70-7A8C9AAE14E4}.Release|Any CPU.ActiveCfg = Release|Any CPU
		{4799E6EF-20B6-49E8-8F70-7A8C9AAE14E4}.Release|Any CPU.Build.0 = Release|Any CPU
	EndGlobalSection
	GlobalSection(SolutionProperties) = preSolution
		HideSolutionNode = FALSE
	EndGlobalSection
	GlobalSection(ExtensibilityGlobals) = postSolution
		SolutionGuid = {AFF8DF9D-4982-4FCC-98EE-B6F6A2294A52}
	EndGlobalSection
EndGlobal
